PODS:
  - CocoaAsyncSocket (7.6.3)
  - PSSRedisClient (0.1.16):
    - CocoaAsyncSocket (>= 7.6.1)

DEPENDENCIES:
  - PSSRedisClient (from `../`)

SPEC REPOS:
  https://github.com/cocoapods/specs.git:
    - CocoaAsyncSocket

EXTERNAL SOURCES:
  PSSRedisClient:
    :path: "../"

SPEC CHECKSUMS:
  CocoaAsyncSocket: eafaa68a7e0ec99ead0a7b35015e0bf25d2c8987
  PSSRedisClient: 03a82e11b89913b9398d771af9e115e05b89e849

PODFILE CHECKSUM: e3a6f07cd0bab34936a7c01fcc8d8e0b26c5f032

COCOAPODS: 1.6.1
